// !$*UTF8*$!
{
	archiveVersion = 1;
	classes = {
	};
	objectVersion = 46;
	objects = {

/* Begin PBXBuildFile section */
		7609311B188C2BCC00EC9FE4 /* Foundation.framework in Frameworks */ = {isa = PBXBuildFile; fileRef = 7609311A188C2BCC00EC9FE4 /* Foundation.framework */; };
		7609311D188C2BCC00EC9FE4 /* CoreGraphics.framework in Frameworks */ = {isa = PBXBuildFile; fileRef = 7609311C188C2BCC00EC9FE4 /* CoreGraphics.framework */; };
		7609311F188C2BCC00EC9FE4 /* UIKit.framework in Frameworks */ = {isa = PBXBuildFile; fileRef = 7609311E188C2BCC00EC9FE4 /* UIKit.framework */; };
		76BFD9FE1905A1B90089DE19 /* Images.xcassets in Resources */ = {isa = PBXBuildFile; fileRef = 76BFD9FD1905A1B90089DE19 /* Images.xcassets */; };
		76BFDA031905A1CD0089DE19 /* main.m in Sources */ = {isa = PBXBuildFile; fileRef = 76BFDA011905A1CD0089DE19 /* main.m */; };
		76BFDA081905A1D30089DE19 /* SPAppDelegate.m in Sources */ = {isa = PBXBuildFile; fileRef = 76BFDA051905A1D30089DE19 /* SPAppDelegate.m */; };
		76BFDA091905A1D30089DE19 /* SPViewController.m in Sources */ = {isa = PBXBuildFile; fileRef = 76BFDA071905A1D30089DE19 /* SPViewController.m */; };
		76BFDA0C1905A1E00089DE19 /* InfoPlist.strings in Resources */ = {isa = PBXBuildFile; fileRef = 76BFDA0A1905A1E00089DE19 /* InfoPlist.strings */; };
		76BFDA181905A33C0089DE19 /* Main_iPad.storyboard in Resources */ = {isa = PBXBuildFile; fileRef = 76BFDA0D1905A1E90089DE19 /* Main_iPad.storyboard */; };
		76BFDA191905A33C0089DE19 /* Main_iPhone.storyboard in Resources */ = {isa = PBXBuildFile; fileRef = 76BFDA0F1905A1E90089DE19 /* Main_iPhone.storyboard */; };
/* End PBXBuildFile section */

/* Begin PBXFileReference section */
		76093117188C2BCC00EC9FE4 /* com.form.scroll.app */ = {isa = PBXFileReference; explicitFileType = wrapper.application; includeInIndex = 0; path = com.form.scroll.app; sourceTree = BUILT_PRODUCTS_DIR; };
		7609311A188C2BCC00EC9FE4 /* Foundation.framework */ = {isa = PBXFileReference; lastKnownFileType = wrapper.framework; name = Foundation.framework; path = System/Library/Frameworks/Foundation.framework; sourceTree = SDKROOT; };
		7609311C188C2BCC00EC9FE4 /* CoreGraphics.framework */ = {isa = PBXFileReference; lastKnownFileType = wrapper.framework; name = CoreGraphics.framework; path = System/Library/Frameworks/CoreGraphics.framework; sourceTree = SDKROOT; };
		7609311E188C2BCC00EC9FE4 /* UIKit.framework */ = {isa = PBXFileReference; lastKnownFileType = wrapper.framework; name = UIKit.framework; path = System/Library/Frameworks/UIKit.framework; sourceTree = SDKROOT; };
		7609313C188C2BCC00EC9FE4 /* XCTest.framework */ = {isa = PBXFileReference; lastKnownFileType = wrapper.framework; name = XCTest.framework; path = Library/Frameworks/XCTest.framework; sourceTree = DEVELOPER_DIR; };
		76BFD9FD1905A1B90089DE19 /* Images.xcassets */ = {isa = PBXFileReference; lastKnownFileType = folder.assetcatalog; name = Images.xcassets; path = com.form.scroll/Images.xcassets; sourceTree = SOURCE_ROOT; };
		76BFDA011905A1CD0089DE19 /* main.m */ = {isa = PBXFileReference; fileEncoding = 4; lastKnownFileType = sourcecode.c.objc; name = main.m; path = com.form.scroll/main.m; sourceTree = SOURCE_ROOT; };
		76BFDA041905A1D30089DE19 /* SPAppDelegate.h */ = {isa = PBXFileReference; fileEncoding = 4; lastKnownFileType = sourcecode.c.h; name = SPAppDelegate.h; path = com.form.scroll/SPAppDelegate.h; sourceTree = SOURCE_ROOT; };
		76BFDA051905A1D30089DE19 /* SPAppDelegate.m */ = {isa = PBXFileReference; fileEncoding = 4; lastKnownFileType = sourcecode.c.objc; name = SPAppDelegate.m; path = com.form.scroll/SPAppDelegate.m; sourceTree = SOURCE_ROOT; };
		76BFDA061905A1D30089DE19 /* SPViewController.h */ = {isa = PBXFileReference; fileEncoding = 4; lastKnownFileType = sourcecode.c.h; name = SPViewController.h; path = com.form.scroll/SPViewController.h; sourceTree = SOURCE_ROOT; };
		76BFDA071905A1D30089DE19 /* SPViewController.m */ = {isa = PBXFileReference; fileEncoding = 4; lastKnownFileType = sourcecode.c.objc; name = SPViewController.m; path = com.form.scroll/SPViewController.m; sourceTree = SOURCE_ROOT; };
		76BFDA0B1905A1E00089DE19 /* en */ = {isa = PBXFileReference; lastKnownFileType = text.plist.strings; name = en; path = com.form.scroll/en.lproj/InfoPlist.strings; sourceTree = SOURCE_ROOT; };
		76BFDA0E1905A1E90089DE19 /* Base */ = {isa = PBXFileReference; lastKnownFileType = file.storyboard; name = Base; path = com.form.scroll/Base.lproj/Main_iPad.storyboard; sourceTree = SOURCE_ROOT; };
		76BFDA101905A1E90089DE19 /* Base */ = {isa = PBXFileReference; lastKnownFileType = file.storyboard; name = Base; path = com.form.scroll/Base.lproj/Main_iPhone.storyboard; sourceTree = SOURCE_ROOT; };
		76BFDA131905A2420089DE19 /* com.form.scroll-Info.plist */ = {isa = PBXFileReference; fileEncoding = 4; lastKnownFileType = text.plist.xml; name = "com.form.scroll-Info.plist"; path = "com.form.scroll/com.form.scroll-Info.plist"; sourceTree = SOURCE_ROOT; };
		76BFDA141905A2420089DE19 /* com.form.scroll-Prefix.pch */ = {isa = PBXFileReference; fileEncoding = 4; lastKnownFileType = sourcecode.c.h; name = "com.form.scroll-Prefix.pch"; path = "com.form.scroll/com.form.scroll-Prefix.pch"; sourceTree = SOURCE_ROOT; };
/* End PBXFileReference section */

/* Begin PBXFrameworksBuildPhase section */
		76093114188C2BCC00EC9FE4 /* Frameworks */ = {
			isa = PBXFrameworksBuildPhase;
			buildActionMask = 2147483647;
			files = (
				7609311D188C2BCC00EC9FE4 /* CoreGraphics.framework in Frameworks */,
				7609311F188C2BCC00EC9FE4 /* UIKit.framework in Frameworks */,
				7609311B188C2BCC00EC9FE4 /* Foundation.framework in Frameworks */,
			);
			runOnlyForDeploymentPostprocessing = 0;
		};
/* End PBXFrameworksBuildPhase section */

/* Begin PBXGroup section */
		7609310E188C2BCC00EC9FE4 = {
			isa = PBXGroup;
			children = (
				76093120188C2BCC00EC9FE4 /* com.form.scroll */,
				76093119188C2BCC00EC9FE4 /* Frameworks */,
				76093118188C2BCC00EC9FE4 /* Products */,
			);
			sourceTree = "<group>";
		};
		76093118188C2BCC00EC9FE4 /* Products */ = {
			isa = PBXGroup;
			children = (
				76093117188C2BCC00EC9FE4 /* com.form.scroll.app */,
			);
			name = Products;
			sourceTree = "<group>";
		};
		76093119188C2BCC00EC9FE4 /* Frameworks */ = {
			isa = PBXGroup;
			children = (
				7609311A188C2BCC00EC9FE4 /* Foundation.framework */,
				7609311C188C2BCC00EC9FE4 /* CoreGraphics.framework */,
				7609311E188C2BCC00EC9FE4 /* UIKit.framework */,
				7609313C188C2BCC00EC9FE4 /* XCTest.framework */,
			);
			name = Frameworks;
			sourceTree = "<group>";
		};
		76093120188C2BCC00EC9FE4 /* com.form.scroll */ = {
			isa = PBXGroup;
			children = (
				76BFDA0D1905A1E90089DE19 /* Main_iPad.storyboard */,
				76BFDA0F1905A1E90089DE19 /* Main_iPhone.storyboard */,
				76BFDA041905A1D30089DE19 /* SPAppDelegate.h */,
				76BFDA051905A1D30089DE19 /* SPAppDelegate.m */,
				76BFDA061905A1D30089DE19 /* SPViewController.h */,
				76BFDA071905A1D30089DE19 /* SPViewController.m */,
				76BFD9FD1905A1B90089DE19 /* Images.xcassets */,
				76093121188C2BCC00EC9FE4 /* Supporting Files */,
			);
			name = com.form.scroll;
			path = com.form.elance;
			sourceTree = "<group>";
		};
		76093121188C2BCC00EC9FE4 /* Supporting Files */ = {
			isa = PBXGroup;
			children = (
				76BFDA131905A2420089DE19 /* com.form.scroll-Info.plist */,
				76BFDA141905A2420089DE19 /* com.form.scroll-Prefix.pch */,
				76BFDA0A1905A1E00089DE19 /* InfoPlist.strings */,
				76BFDA011905A1CD0089DE19 /* main.m */,
			);
			name = "Supporting Files";
			sourceTree = "<group>";
		};
/* End PBXGroup section */

/* Begin PBXNativeTarget section */
		76093116188C2BCC00EC9FE4 /* com.form.scroll */ = {
			isa = PBXNativeTarget;
			buildConfigurationList = 7609314C188C2BCC00EC9FE4 /* Build configuration list for PBXNativeTarget "com.form.scroll" */;
			buildPhases = (
				76093113188C2BCC00EC9FE4 /* Sources */,
				76093114188C2BCC00EC9FE4 /* Frameworks */,
				76093115188C2BCC00EC9FE4 /* Resources */,
			);
			buildRules = (
			);
			dependencies = (
			);
			name = com.form.scroll;
			productName = com.form.elance;
			productReference = 76093117188C2BCC00EC9FE4 /* com.form.scroll.app */;
			productType = "com.apple.product-type.application";
		};
/* End PBXNativeTarget section */

/* Begin PBXProject section */
		7609310F188C2BCC00EC9FE4 /* Project object */ = {
			isa = PBXProject;
			attributes = {
				CLASSPREFIX = SP;
				LastUpgradeCheck = 0510;
				ORGANIZATIONNAME = "Barbara Rodeker";
			};
			buildConfigurationList = 76093112188C2BCC00EC9FE4 /* Build configuration list for PBXProject "com.form.scroll" */;
			compatibilityVersion = "Xcode 3.2";
			developmentRegion = English;
			hasScannedForEncodings = 0;
			knownRegions = (
				en,
				Base,
			);
			mainGroup = 7609310E188C2BCC00EC9FE4;
			productRefGroup = 76093118188C2BCC00EC9FE4 /* Products */;
			projectDirPath = "";
			projectRoot = "";
			targets = (
				76093116188C2BCC00EC9FE4 /* com.form.scroll */,
			);
		};
/* End PBXProject section */

/* Begin PBXResourcesBuildPhase section */
		76093115188C2BCC00EC9FE4 /* Resources */ = {
			isa = PBXResourcesBuildPhase;
			buildActionMask = 2147483647;
			files = (
				76BFDA181905A33C0089DE19 /* Main_iPad.storyboard in Resources */,
				76BFDA191905A33C0089DE19 /* Main_iPhone.storyboard in Resources */,
				76BFDA0C1905A1E00089DE19 /* InfoPlist.strings in Resources */,
				76BFD9FE1905A1B90089DE19 /* Images.xcassets in Resources */,
			);
			runOnlyForDeploymentPostprocessing = 0;
		};
/* End PBXResourcesBuildPhase section */

/* Begin PBXSourcesBuildPhase section */
		76093113188C2BCC00EC9FE4 /* Sources */ = {
			isa = PBXSourcesBuildPhase;
			buildActionMask = 2147483647;
			files = (
				76BFDA031905A1CD0089DE19 /* main.m in Sources */,
				76BFDA091905A1D30089DE19 /* SPViewController.m in Sources */,
				76BFDA081905A1D30089DE19 /* SPAppDelegate.m in Sources */,
			);
			runOnlyForDeploymentPostprocessing = 0;
		};
/* End PBXSourcesBuildPhase section */

/* Begin PBXVariantGroup section */
		76BFDA0A1905A1E00089DE19 /* InfoPlist.strings */ = {
			isa = PBXVariantGroup;
			children = (
				76BFDA0B1905A1E00089DE19 /* en */,
			);
			name = InfoPlist.strings;
			sourceTree = "<group>";
		};
		76BFDA0D1905A1E90089DE19 /* Main_iPad.storyboard */ = {
			isa = PBXVariantGroup;
			children = (
				76BFDA0E1905A1E90089DE19 /* Base */,
			);
			name = Main_iPad.storyboard;
			sourceTree = "<group>";
		};
		76BFDA0F1905A1E90089DE19 /* Main_iPhone.storyboard */ = {
			isa = PBXVariantGroup;
			children = (
				76BFDA101905A1E90089DE19 /* Base */,
			);
			name = Main_iPhone.storyboard;
			sourceTree = "<group>";
		};
/* End PBXVariantGroup section */

/* Begin XCBuildConfiguration section */
		7609314A188C2BCC00EC9FE4 /* Debug */ = {
			isa = XCBuildConfiguration;
			buildSettings = {
				ALWAYS_SEARCH_USER_PATHS = NO;
				CLANG_CXX_LANGUAGE_STANDARD = "gnu++0x";
				CLANG_CXX_LIBRARY = "libc++";
				CLANG_ENABLE_MODULES = YES;
				CLANG_ENABLE_OBJC_ARC = YES;
				CLANG_WARN_BOOL_CONVERSION = YES;
				CLANG_WARN_CONSTANT_CONVERSION = YES;
				CLANG_WARN_DIRECT_OBJC_ISA_USAGE = YES_ERROR;
				CLANG_WARN_EMPTY_BODY = YES;
				CLANG_WARN_ENUM_CONVERSION = YES;
				CLANG_WARN_INT_CONVERSION = YES;
				CLANG_WARN_OBJC_ROOT_CLASS = YES_ERROR;
				CLANG_WARN__DUPLICATE_METHOD_MATCH = YES;
				"CODE_SIGN_IDENTITY[sdk=iphoneos*]" = "iPhone Developer";
				COPY_PHASE_STRIP = NO;
				GCC_C_LANGUAGE_STANDARD = gnu99;
				GCC_DYNAMIC_NO_PIC = NO;
				GCC_OPTIMIZATION_LEVEL = 0;
				GCC_PREPROCESSOR_DEFINITIONS = (
					"DEBUG=1",
					"$(inherited)",
				);
				GCC_SYMBOLS_PRIVATE_EXTERN = NO;
				GCC_WARN_64_TO_32_BIT_CONVERSION = YES;
				GCC_WARN_ABOUT_RETURN_TYPE = YES_ERROR;
				GCC_WARN_UNDECLARED_SELECTOR = YES;
				GCC_WARN_UNINITIALIZED_AUTOS = YES;
				GCC_WARN_UNUSED_FUNCTION = YES;
				GCC_WARN_UNUSED_VARIABLE = YES;
				IPHONEOS_DEPLOYMENT_TARGET = 7.0;
				ONLY_ACTIVE_ARCH = YES;
				SDKROOT = iphoneos;
				TARGETED_DEVICE_FAMILY = "1,2";
			};
			name = Debug;
		};
		7609314B188C2BCC00EC9FE4 /* Release */ = {
			isa = XCBuildConfiguration;
			buildSettings = {
				ALWAYS_SEARCH_USER_PATHS = NO;
				CLANG_CXX_LANGUAGE_STANDARD = "gnu++0x";
				CLANG_CXX_LIBRARY = "libc++";
				CLANG_ENABLE_MODULES = YES;
				CLANG_ENABLE_OBJC_ARC = YES;
				CLANG_WARN_BOOL_CONVERSION = YES;
				CLANG_WARN_CONSTANT_CONVERSION = YES;
				CLANG_WARN_DIRECT_OBJC_ISA_USAGE = YES_ERROR;
				CLANG_WARN_EMPTY_BODY = YES;
				CLANG_WARN_ENUM_CONVERSION = YES;
				CLANG_WARN_INT_CONVERSION = YES;
				CLANG_WARN_OBJC_ROOT_CLASS = YES_ERROR;
				CLANG_WARN__DUPLICATE_METHOD_MATCH = YES;
				"CODE_SIGN_IDENTITY[sdk=iphoneos*]" = "iPhone Developer";
				COPY_PHASE_STRIP = YES;
				ENABLE_NS_ASSERTIONS = NO;
				GCC_C_LANGUAGE_STANDARD = gnu99;
				GCC_WARN_64_TO_32_BIT_CONVERSION = YES;
				GCC_WARN_ABOUT_RETURN_TYPE = YES_ERROR;
				GCC_WARN_UNDECLARED_SELECTOR = YES;
				GCC_WARN_UNINITIALIZED_AUTOS = YES;
				GCC_WARN_UNUSED_FUNCTION = YES;
				GCC_WARN_UNUSED_VARIABLE = YES;
				IPHONEOS_DEPLOYMENT_TARGET = 7.0;
				SDKROOT = iphoneos;
				TARGETED_DEVICE_FAMILY = "1,2";
				VALIDATE_PRODUCT = YES;
			};
			name = Release;
		};
		7609314D188C2BCC00EC9FE4 /* Debug */ = {
			isa = XCBuildConfiguration;
			buildSettings = {
				ASSETCATALOG_COMPILER_APPICON_NAME = AppIcon;
				ASSETCATALOG_COMPILER_LAUNCHIMAGE_NAME = LaunchImage;
				GCC_PRECOMPILE_PREFIX_HEADER = YES;
				GCC_PREFIX_HEADER = "com.form.scroll/com.form.scroll-Prefix.pch";
				INFOPLIST_FILE = "$(SRCROOT)/com.form.scroll/com.form.scroll-Info.plist";
				PRODUCT_NAME = "$(TARGET_NAME)";
				TARGETED_DEVICE_FAMILY = "1,2";
				WRAPPER_EXTENSION = app;
			};
			name = Debug;
		};
		7609314E188C2BCC00EC9FE4 /* Release */ = {
			isa = XCBuildConfiguration;
			buildSettings = {
				ASSETCATALOG_COMPILER_APPICON_NAME = AppIcon;
				ASSETCATALOG_COMPILER_LAUNCHIMAGE_NAME = LaunchImage;
				GCC_PRECOMPILE_PREFIX_HEADER = YES;
				GCC_PREFIX_HEADER = "com.form.scroll/com.form.scroll-Prefix.pch";
				INFOPLIST_FILE = "$(SRCROOT)/com.form.scroll/com.form.scroll-Info.plist";
				PRODUCT_NAME = "$(TARGET_NAME)";
				TARGETED_DEVICE_FAMILY = "1,2";
				WRAPPER_EXTENSION = app;
			};
			name = Release;
		};
/* End XCBuildConfiguration section */

/* Begin XCConfigurationList section */
		76093112188C2BCC00EC9FE4 /* Build configuration list for PBXProject "com.form.scroll" */ = {
			isa = XCConfigurationList;
			buildConfigurations = (
				7609314A188C2BCC00EC9FE4 /* Debug */,
				7609314B188C2BCC00EC9FE4 /* Release */,
			);
			defaultConfigurationIsVisible = 0;
			defaultConfigurationName = Release;
		};
		7609314C188C2BCC00EC9FE4 /* Build configuration list for PBXNativeTarget "com.form.scroll" */ = {
			isa = XCConfigurationList;
			buildConfigurations = (
				7609314D188C2BCC00EC9FE4 /* Debug */,
				7609314E188C2BCC00EC9FE4 /* Release */,
			);
			defaultConfigurationIsVisible = 0;
			defaultConfigurationName = Release;
		};
/* End XCConfigurationList section */
	};
	rootObject = 7609310F188C2BCC00EC9FE4 /* Project object */;
}
